
Microsoft Visual Studio Solution File, Format Version 12.00
# Visual Studio 2013
VisualStudioVersion = 12.0.21005.1
MinimumVisualStudioVersion = 10.0.40219.1
Project("{8BC9CEB8-8B4A-11D0-8D11-00A0C91BC942}") = "testexe1", "testexe1\testexe1.vcxproj", "{71E1BB97-6ACC-4F6F-9D58-3B47C08CA216}"
EndProject
Global
	GlobalSection(SolutionConfigurationPlatforms) = preSolution
		Debug|Win32 = Debug|Win32
		Release|Win32 = Release|Win32
	EndGlobalSection
	GlobalSection(ProjectConfigurationPlatforms) = postSolution
		{71E1BB97-6ACC-4F6F-9D58-3B47C08CA216}.Debug|Win32.ActiveCfg = Debug|Win32
		{71E1BB97-6ACC-4F6F-9D58-3B47C08CA216}.Debug|Win32.Build.0 = Debug|Win32
		{71E1BB97-6ACC-4F6F-9D58-3B47C08CA216}.Release|Win32.ActiveCfg = Release|Win32
		{71E1BB97-6ACC-4F6F-9D58-3B47C08CA216}.Release|Win32.Build.0 = Release|Win32
	EndGlobalSection
	GlobalSection(SolutionProperties) = preSolution
		HideSolutionNode = FALSE
	EndGlobalSection
EndGlobal
